# THIS IS AN AUTOGENERATED FILE. DO NOT EDIT THIS FILE DIRECTLY.
# yarn lockfile v1


"@inlang/cli@^0.9.16":
  version "0.9.16"
  resolved "https://registry.yarnpkg.com/@inlang/cli/-/cli-0.9.16.tgz#640520efa420367963654f0f9f42c8f5ef0c32dd"
  integrity sha512-51P3/2qWkGeJ7noySjsz+PmQ2xBRqLQ/QXtAQVMt156CfftcOcBfVQdGNgtw1I1NSmSNObd8Ihvcr5+QkPt0Cg==
